// !$*UTF8*$!
{
	archiveVersion = 1;
	classes = {
	};
	objectVersion = 46;
	objects = {

/* Begin PBXBuildFile section */
		C1E921221DB939620029E111 /* AppDelegate.swift in Sources */ = {isa = PBXBuildFile; fileRef = C1E921211DB939620029E111 /* AppDelegate.swift */; };
		C1E921271DB939620029E111 /* Main.storyboard in Resources */ = {isa = PBXBuildFile; fileRef = C1E921251DB939620029E111 /* Main.storyboard */; };
		C1E9212A1DB939620029E111 /* star_wars_directory.xcdatamodeld in Sources */ = {isa = PBXBuildFile; fileRef = C1E921281DB939620029E111 /* star_wars_directory.xcdatamodeld */; };
		C1E9212C1DB939620029E111 /* Assets.xcassets in Resources */ = {isa = PBXBuildFile; fileRef = C1E9212B1DB939620029E111 /* Assets.xcassets */; };
		C1E9212F1DB939620029E111 /* LaunchScreen.storyboard in Resources */ = {isa = PBXBuildFile; fileRef = C1E9212D1DB939620029E111 /* LaunchScreen.storyboard */; };
		C1E9213A1DBABF9A0029E111 /* BaseObject.swift in Sources */ = {isa = PBXBuildFile; fileRef = C1E921391DBABF9A0029E111 /* BaseObject.swift */; };
		C1E9213C1DBAC92E0029E111 /* Person.swift in Sources */ = {isa = PBXBuildFile; fileRef = C1E9213B1DBAC92E0029E111 /* Person.swift */; };
		C1E9213F1DCA72520029E111 /* DataEngine.swift in Sources */ = {isa = PBXBuildFile; fileRef = C1E9213E1DCA72520029E111 /* DataEngine.swift */; };
		C1E921411DCBB9B20029E111 /* SelectorVC.swift in Sources */ = {isa = PBXBuildFile; fileRef = C1E921401DCBB9B20029E111 /* SelectorVC.swift */; };
/* End PBXBuildFile section */

/* Begin PBXFileReference section */
		C1E9211E1DB939620029E111 /* star_wars_directory.app */ = {isa = PBXFileReference; explicitFileType = wrapper.application; includeInIndex = 0; path = star_wars_directory.app; sourceTree = BUILT_PRODUCTS_DIR; };
		C1E921211DB939620029E111 /* AppDelegate.swift */ = {isa = PBXFileReference; lastKnownFileType = sourcecode.swift; path = AppDelegate.swift; sourceTree = "<group>"; };
		C1E921261DB939620029E111 /* Base */ = {isa = PBXFileReference; lastKnownFileType = file.storyboard; name = Base; path = Base.lproj/Main.storyboard; sourceTree = "<group>"; };
		C1E921291DB939620029E111 /* star_wars_directory.xcdatamodel */ = {isa = PBXFileReference; lastKnownFileType = wrapper.xcdatamodel; path = star_wars_directory.xcdatamodel; sourceTree = "<group>"; };
		C1E9212B1DB939620029E111 /* Assets.xcassets */ = {isa = PBXFileReference; lastKnownFileType = folder.assetcatalog; path = Assets.xcassets; sourceTree = "<group>"; };
		C1E9212E1DB939620029E111 /* Base */ = {isa = PBXFileReference; lastKnownFileType = file.storyboard; name = Base; path = Base.lproj/LaunchScreen.storyboard; sourceTree = "<group>"; };
		C1E921301DB939620029E111 /* Info.plist */ = {isa = PBXFileReference; lastKnownFileType = text.plist.xml; path = Info.plist; sourceTree = "<group>"; };
		C1E921391DBABF9A0029E111 /* BaseObject.swift */ = {isa = PBXFileReference; fileEncoding = 4; lastKnownFileType = sourcecode.swift; path = BaseObject.swift; sourceTree = "<group>"; };
		C1E9213B1DBAC92E0029E111 /* Person.swift */ = {isa = PBXFileReference; fileEncoding = 4; lastKnownFileType = sourcecode.swift; lineEnding = 0; path = Person.swift; sourceTree = "<group>"; };
		C1E9213E1DCA72520029E111 /* DataEngine.swift */ = {isa = PBXFileReference; fileEncoding = 4; lastKnownFileType = sourcecode.swift; path = DataEngine.swift; sourceTree = "<group>"; };
		C1E921401DCBB9B20029E111 /* SelectorVC.swift */ = {isa = PBXFileReference; fileEncoding = 4; lastKnownFileType = sourcecode.swift; path = SelectorVC.swift; sourceTree = "<group>"; };
/* End PBXFileReference section */

/* Begin PBXFrameworksBuildPhase section */
		C1E9211B1DB939620029E111 /* Frameworks */ = {
			isa = PBXFrameworksBuildPhase;
			buildActionMask = 2147483647;
			files = (
			);
			runOnlyForDeploymentPostprocessing = 0;
		};
/* End PBXFrameworksBuildPhase section */

/* Begin PBXGroup section */
		C1E921151DB939620029E111 = {
			isa = PBXGroup;
			children = (
				C1E921201DB939620029E111 /* star_wars_directory */,
				C1E9211F1DB939620029E111 /* Products */,
			);
			sourceTree = "<group>";
		};
		C1E9211F1DB939620029E111 /* Products */ = {
			isa = PBXGroup;
			children = (
				C1E9211E1DB939620029E111 /* star_wars_directory.app */,
			);
			name = Products;
			sourceTree = "<group>";
		};
		C1E921201DB939620029E111 /* star_wars_directory */ = {
			isa = PBXGroup;
			children = (
				C1E9213D1DCA72110029E111 /* Utility */,
				C1E921381DBABCE70029E111 /* Controler */,
				C1E921371DBABCDF0029E111 /* View */,
				C1E921361DBABCD10029E111 /* Model */,
				C1E921211DB939620029E111 /* AppDelegate.swift */,
				C1E9212B1DB939620029E111 /* Assets.xcassets */,
				C1E9212D1DB939620029E111 /* LaunchScreen.storyboard */,
				C1E921301DB939620029E111 /* Info.plist */,
				C1E921281DB939620029E111 /* star_wars_directory.xcdatamodeld */,
			);
			path = star_wars_directory;
			sourceTree = "<group>";
		};
		C1E921361DBABCD10029E111 /* Model */ = {
			isa = PBXGroup;
			children = (
				C1E921391DBABF9A0029E111 /* BaseObject.swift */,
				C1E9213B1DBAC92E0029E111 /* Person.swift */,
			);
			name = Model;
			sourceTree = "<group>";
		};
		C1E921371DBABCDF0029E111 /* View */ = {
			isa = PBXGroup;
			children = (
				C1E921251DB939620029E111 /* Main.storyboard */,
			);
			name = View;
			sourceTree = "<group>";
		};
		C1E921381DBABCE70029E111 /* Controler */ = {
			isa = PBXGroup;
			children = (
				C1E921401DCBB9B20029E111 /* SelectorVC.swift */,
			);
			name = Controler;
			sourceTree = "<group>";
		};
		C1E9213D1DCA72110029E111 /* Utility */ = {
			isa = PBXGroup;
			children = (
				C1E9213E1DCA72520029E111 /* DataEngine.swift */,
			);
			name = Utility;
			sourceTree = "<group>";
		};
/* End PBXGroup section */

/* Begin PBXNativeTarget section */
		C1E9211D1DB939620029E111 /* star_wars_directory */ = {
			isa = PBXNativeTarget;
			buildConfigurationList = C1E921331DB939620029E111 /* Build configuration list for PBXNativeTarget "star_wars_directory" */;
			buildPhases = (
				C1E9211A1DB939620029E111 /* Sources */,
				C1E9211B1DB939620029E111 /* Frameworks */,
				C1E9211C1DB939620029E111 /* Resources */,
			);
			buildRules = (
			);
			dependencies = (
			);
			name = star_wars_directory;
			productName = star_wars_directory;
			productReference = C1E9211E1DB939620029E111 /* star_wars_directory.app */;
			productType = "com.apple.product-type.application";
		};
/* End PBXNativeTarget section */

/* Begin PBXProject section */
		C1E921161DB939620029E111 /* Project object */ = {
			isa = PBXProject;
			attributes = {
				LastSwiftUpdateCheck = 0800;
				LastUpgradeCheck = 0800;
				ORGANIZATIONNAME = dubay;
				TargetAttributes = {
					C1E9211D1DB939620029E111 = {
						CreatedOnToolsVersion = 8.0;
						DevelopmentTeam = FYBTU7NK34;
						ProvisioningStyle = Automatic;
					};
				};
			};
			buildConfigurationList = C1E921191DB939620029E111 /* Build configuration list for PBXProject "star_wars_directory" */;
			compatibilityVersion = "Xcode 3.2";
			developmentRegion = English;
			hasScannedForEncodings = 0;
			knownRegions = (
				en,
				Base,
			);
			mainGroup = C1E921151DB939620029E111;
			productRefGroup = C1E9211F1DB939620029E111 /* Products */;
			projectDirPath = "";
			projectRoot = "";
			targets = (
				C1E9211D1DB939620029E111 /* star_wars_directory */,
			);
		};
/* End PBXProject section */

/* Begin PBXResourcesBuildPhase section */
		C1E9211C1DB939620029E111 /* Resources */ = {
			isa = PBXResourcesBuildPhase;
			buildActionMask = 2147483647;
			files = (
				C1E9212F1DB939620029E111 /* LaunchScreen.storyboard in Resources */,
				C1E9212C1DB939620029E111 /* Assets.xcassets in Resources */,
				C1E921271DB939620029E111 /* Main.storyboard in Resources */,
			);
			runOnlyForDeploymentPostprocessing = 0;
		};
/* End PBXResourcesBuildPhase section */

/* Begin PBXSourcesBuildPhase section */
		C1E9211A1DB939620029E111 /* Sources */ = {
			isa = PBXSourcesBuildPhase;
			buildActionMask = 2147483647;
			files = (
				C1E9213F1DCA72520029E111 /* DataEngine.swift in Sources */,
				C1E9212A1DB939620029E111 /* star_wars_directory.xcdatamodeld in Sources */,
				C1E921221DB939620029E111 /* AppDelegate.swift in Sources */,
				C1E9213C1DBAC92E0029E111 /* Person.swift in Sources */,
				C1E9213A1DBABF9A0029E111 /* BaseObject.swift in Sources */,
				C1E921411DCBB9B20029E111 /* SelectorVC.swift in Sources */,
			);
			runOnlyForDeploymentPostprocessing = 0;
		};
/* End PBXSourcesBuildPhase section */

/* Begin PBXVariantGroup section */
		C1E921251DB939620029E111 /* Main.storyboard */ = {
			isa = PBXVariantGroup;
			children = (
				C1E921261DB939620029E111 /* Base */,
			);
			name = Main.storyboard;
			sourceTree = "<group>";
		};
		C1E9212D1DB939620029E111 /* LaunchScreen.storyboard */ = {
			isa = PBXVariantGroup;
			children = (
				C1E9212E1DB939620029E111 /* Base */,
			);
			name = LaunchScreen.storyboard;
			sourceTree = "<group>";
		};
/* End PBXVariantGroup section */

/* Begin XCBuildConfiguration section */
		C1E921311DB939620029E111 /* Debug */ = {
			isa = XCBuildConfiguration;
			buildSettings = {
				ALWAYS_SEARCH_USER_PATHS = NO;
				CLANG_ANALYZER_NONNULL = YES;
				CLANG_CXX_LANGUAGE_STANDARD = "gnu++0x";
				CLANG_CXX_LIBRARY = "libc++";
				CLANG_ENABLE_MODULES = YES;
				CLANG_ENABLE_OBJC_ARC = YES;
				CLANG_WARN_BOOL_CONVERSION = YES;
				CLANG_WARN_CONSTANT_CONVERSION = YES;
				CLANG_WARN_DIRECT_OBJC_ISA_USAGE = YES_ERROR;
				CLANG_WARN_DOCUMENTATION_COMMENTS = YES;
				CLANG_WARN_EMPTY_BODY = YES;
				CLANG_WARN_ENUM_CONVERSION = YES;
				CLANG_WARN_INFINITE_RECURSION = YES;
				CLANG_WARN_INT_CONVERSION = YES;
				CLANG_WARN_OBJC_ROOT_CLASS = YES_ERROR;
				CLANG_WARN_SUSPICIOUS_MOVES = YES;
				CLANG_WARN_UNREACHABLE_CODE = YES;
				CLANG_WARN__DUPLICATE_METHOD_MATCH = YES;
				"CODE_SIGN_IDENTITY[sdk=iphoneos*]" = "iPhone Developer";
				COPY_PHASE_STRIP = NO;
				DEBUG_INFORMATION_FORMAT = dwarf;
				ENABLE_STRICT_OBJC_MSGSEND = YES;
				ENABLE_TESTABILITY = YES;
				GCC_C_LANGUAGE_STANDARD = gnu99;
				GCC_DYNAMIC_NO_PIC = NO;
				GCC_NO_COMMON_BLOCKS = YES;
				GCC_OPTIMIZATION_LEVEL = 0;
				GCC_PREPROCESSOR_DEFINITIONS = (
					"DEBUG=1",
					"$(inherited)",
				);
				GCC_WARN_64_TO_32_BIT_CONVERSION = YES;
				GCC_WARN_ABOUT_RETURN_TYPE = YES_ERROR;
				GCC_WARN_UNDECLARED_SELECTOR = YES;
				GCC_WARN_UNINITIALIZED_AUTOS = YES_AGGRESSIVE;
				GCC_WARN_UNUSED_FUNCTION = YES;
				GCC_WARN_UNUSED_VARIABLE = YES;
				IPHONEOS_DEPLOYMENT_TARGET = 10.0;
				MTL_ENABLE_DEBUG_INFO = YES;
				ONLY_ACTIVE_ARCH = YES;
				SDKROOT = iphoneos;
				SWIFT_ACTIVE_COMPILATION_CONDITIONS = DEBUG;
				SWIFT_OPTIMIZATION_LEVEL = "-Onone";
				TARGETED_DEVICE_FAMILY = "1,2";
			};
			name = Debug;
		};
		C1E921321DB939620029E111 /* Release */ = {
			isa = XCBuildConfiguration;
			buildSettings = {
				ALWAYS_SEARCH_USER_PATHS = NO;
				CLANG_ANALYZER_NONNULL = YES;
				CLANG_CXX_LANGUAGE_STANDARD = "gnu++0x";
				CLANG_CXX_LIBRARY = "libc++";
				CLANG_ENABLE_MODULES = YES;
				CLANG_ENABLE_OBJC_ARC = YES;
				CLANG_WARN_BOOL_CONVERSION = YES;
				CLANG_WARN_CONSTANT_CONVERSION = YES;
				CLANG_WARN_DIRECT_OBJC_ISA_USAGE = YES_ERROR;
				CLANG_WARN_DOCUMENTATION_COMMENTS = YES;
				CLANG_WARN_EMPTY_BODY = YES;
				CLANG_WARN_ENUM_CONVERSION = YES;
				CLANG_WARN_INFINITE_RECURSION = YES;
				CLANG_WARN_INT_CONVERSION = YES;
				CLANG_WARN_OBJC_ROOT_CLASS = YES_ERROR;
				CLANG_WARN_SUSPICIOUS_MOVES = YES;
				CLANG_WARN_UNREACHABLE_CODE = YES;
				CLANG_WARN__DUPLICATE_METHOD_MATCH = YES;
				"CODE_SIGN_IDENTITY[sdk=iphoneos*]" = "iPhone Developer";
				COPY_PHASE_STRIP = NO;
				DEBUG_INFORMATION_FORMAT = "dwarf-with-dsym";
				ENABLE_NS_ASSERTIONS = NO;
				ENABLE_STRICT_OBJC_MSGSEND = YES;
				GCC_C_LANGUAGE_STANDARD = gnu99;
				GCC_NO_COMMON_BLOCKS = YES;
				GCC_WARN_64_TO_32_BIT_CONVERSION = YES;
				GCC_WARN_ABOUT_RETURN_TYPE = YES_ERROR;
				GCC_WARN_UNDECLARED_SELECTOR = YES;
				GCC_WARN_UNINITIALIZED_AUTOS = YES_AGGRESSIVE;
				GCC_WARN_UNUSED_FUNCTION = YES;
				GCC_WARN_UNUSED_VARIABLE = YES;
				IPHONEOS_DEPLOYMENT_TARGET = 10.0;
				MTL_ENABLE_DEBUG_INFO = NO;
				SDKROOT = iphoneos;
				SWIFT_OPTIMIZATION_LEVEL = "-Owholemodule";
				TARGETED_DEVICE_FAMILY = "1,2";
				VALIDATE_PRODUCT = YES;
			};
			name = Release;
		};
		C1E921341DB939620029E111 /* Debug */ = {
			isa = XCBuildConfiguration;
			buildSettings = {
				ASSETCATALOG_COMPILER_APPICON_NAME = AppIcon;
				DEVELOPMENT_TEAM = FYBTU7NK34;
				INFOPLIST_FILE = star_wars_directory/Info.plist;
				LD_RUNPATH_SEARCH_PATHS = "$(inherited) @executable_path/Frameworks";
				PRODUCT_BUNDLE_IDENTIFIER = "com.dubay.star-wars-directory";
				PRODUCT_NAME = "$(TARGET_NAME)";
				SWIFT_VERSION = 3.0;
			};
			name = Debug;
		};
		C1E921351DB939620029E111 /* Release */ = {
			isa = XCBuildConfiguration;
			buildSettings = {
				ASSETCATALOG_COMPILER_APPICON_NAME = AppIcon;
				DEVELOPMENT_TEAM = FYBTU7NK34;
				INFOPLIST_FILE = star_wars_directory/Info.plist;
				LD_RUNPATH_SEARCH_PATHS = "$(inherited) @executable_path/Frameworks";
				PRODUCT_BUNDLE_IDENTIFIER = "com.dubay.star-wars-directory";
				PRODUCT_NAME = "$(TARGET_NAME)";
				SWIFT_VERSION = 3.0;
			};
			name = Release;
		};
/* End XCBuildConfiguration section */

/* Begin XCConfigurationList section */
		C1E921191DB939620029E111 /* Build configuration list for PBXProject "star_wars_directory" */ = {
			isa = XCConfigurationList;
			buildConfigurations = (
				C1E921311DB939620029E111 /* Debug */,
				C1E921321DB939620029E111 /* Release */,
			);
			defaultConfigurationIsVisible = 0;
			defaultConfigurationName = Release;
		};
		C1E921331DB939620029E111 /* Build configuration list for PBXNativeTarget "star_wars_directory" */ = {
			isa = XCConfigurationList;
			buildConfigurations = (
				C1E921341DB939620029E111 /* Debug */,
				C1E921351DB939620029E111 /* Release */,
			);
			defaultConfigurationIsVisible = 0;
			defaultConfigurationName = Release;
		};
/* End XCConfigurationList section */

/* Begin XCVersionGroup section */
		C1E921281DB939620029E111 /* star_wars_directory.xcdatamodeld */ = {
			isa = XCVersionGroup;
			children = (
				C1E921291DB939620029E111 /* star_wars_directory.xcdatamodel */,
			);
			currentVersion = C1E921291DB939620029E111 /* star_wars_directory.xcdatamodel */;
			path = star_wars_directory.xcdatamodeld;
			sourceTree = "<group>";
			versionGroupType = wrapper.xcdatamodel;
		};
/* End XCVersionGroup section */
	};
	rootObject = C1E921161DB939620029E111 /* Project object */;
}
